{
  "version": 4,
  "terraform_version": "1.14.3",
  "serial": 155,
  "lineage": "f15369b8-093f-0029-6488-d28a9984d3f7",
  "outputs": {
    "ansible_inventory": {
      "value": {
        "app": {
          "instance_id": "i-055929018a5a474bf",
          "region": "ap-south-1",
          "ssm_bucket": "dev-sahil-saykar-infra-bucket"
        }
      },
      "type": [
        "object",
        {
          "app": [
            "object",
            {
              "instance_id": "string",
              "region": "string",
              "ssm_bucket": "string"
            }
          ]
        }
      ]
    }
  },
  "resources": [
    {
      "module": "module.ec2",
      "mode": "managed",
      "type": "aws_instance",
      "name": "this",
      "provider": "provider[\"registry.terraform.io/hashicorp/aws\"]",
      "instances": [
        {
          "schema_version": 2,
          "attributes": {
            "ami": "ami-02b8269d5e85954ef",
            "arn": "arn:aws:ec2:ap-south-1:731961417383:instance/i-055929018a5a474bf",
            "associate_public_ip_address": true,
            "availability_zone": "ap-south-1a",
            "capacity_reservation_specification": [
              {
                "capacity_reservation_preference": "open",
                "capacity_reservation_target": []
              }
            ],
            "cpu_options": [
              {
                "amd_sev_snp": "",
                "core_count": 1,
                "threads_per_core": 2
              }
            ],
            "credit_specification": [
              {
                "cpu_credits": "unlimited"
              }
            ],
            "disable_api_stop": false,
            "disable_api_termination": false,
            "ebs_block_device": [],
            "ebs_optimized": false,
            "enable_primary_ipv6": null,
            "enclave_options": [
              {
                "enabled": false
              }
            ],
            "ephemeral_block_device": [],
            "force_destroy": false,
            "get_password_data": false,
            "hibernation": false,
            "host_id": "",
            "host_resource_group_arn": null,
            "iam_instance_profile": "dev-ssm-profile",
            "id": "i-055929018a5a474bf",
            "instance_initiated_shutdown_behavior": "stop",
            "instance_lifecycle": "",
            "instance_market_options": [],
            "instance_state": "running",
            "instance_type": "t3.micro",
            "ipv6_address_count": 0,
            "ipv6_addresses": [],
            "key_name": "",
            "launch_template": [],
            "maintenance_options": [
              {
                "auto_recovery": "default"
              }
            ],
            "metadata_options": [
              {
                "http_endpoint": "enabled",
                "http_protocol_ipv6": "disabled",
                "http_put_response_hop_limit": 2,
                "http_tokens": "required",
                "instance_metadata_tags": "disabled"
              }
            ],
            "monitoring": false,
            "network_interface": [],
            "outpost_arn": "",
            "password_data": "",
            "placement_group": "",
            "placement_group_id": "",
            "placement_partition_number": 0,
            "primary_network_interface": [
              {
                "delete_on_termination": true,
                "network_interface_id": "eni-09e55d952593f15b2"
              }
            ],
            "primary_network_interface_id": "eni-09e55d952593f15b2",
            "private_dns": "ip-10-0-101-144.ap-south-1.compute.internal",
            "private_dns_name_options": [
              {
                "enable_resource_name_dns_a_record": false,
                "enable_resource_name_dns_aaaa_record": false,
                "hostname_type": "ip-name"
              }
            ],
            "private_ip": "10.0.101.144",
            "public_dns": "ec2-3-110-210-135.ap-south-1.compute.amazonaws.com",
            "public_ip": "3.110.210.135",
            "region": "ap-south-1",
            "root_block_device": [
              {
                "delete_on_termination": true,
                "device_name": "/dev/sda1",
                "encrypted": false,
                "iops": 3000,
                "kms_key_id": "",
                "tags": null,
                "tags_all": {},
                "throughput": 125,
                "volume_id": "vol-022b07b02222c2172",
                "volume_size": 10,
                "volume_type": "gp3"
              }
            ],
            "secondary_private_ips": [],
            "security_groups": [],
            "source_dest_check": true,
            "spot_instance_request_id": "",
            "subnet_id": "subnet-0d3b07763208f8fec",
            "tags": {
              "Name": "dev-ec2"
            },
            "tags_all": {
              "Name": "dev-ec2"
            },
            "tenancy": "default",
            "timeouts": null,
            "user_data": null,
            "user_data_base64": null,
            "user_data_replace_on_change": false,
            "volume_tags": null,
            "vpc_security_group_ids": [
              "sg-0997c5b3b0283f354"
            ]
          },
          "sensitive_attributes": [],
          "identity_schema_version": 0,
          "identity": {
            "account_id": "731961417383",
            "id": "i-055929018a5a474bf",
            "region": "ap-south-1"
          },
          "private": "eyJlMmJmYjczMC1lY2FhLTExZTYtOGY4OC0zNDM2M2JjN2M0YzAiOnsiY3JlYXRlIjo2MDAwMDAwMDAwMDAsImRlbGV0ZSI6MTIwMDAwMDAwMDAwMCwicmVhZCI6OTAwMDAwMDAwMDAwLCJ1cGRhdGUiOjYwMDAwMDAwMDAwMH0sInNjaGVtYV92ZXJzaW9uIjoiMiJ9",
          "dependencies": [
            "module.iam.aws_iam_instance_profile.ssm_profile",
            "module.iam.aws_iam_role.ssm_role",
            "module.security_group.aws_security_group.allow_user_to_connect",
            "module.vpc.module.vpc.aws_subnet.public",
            "module.vpc.module.vpc.aws_vpc.this",
            "module.vpc.module.vpc.aws_vpc_ipv4_cidr_block_association.this"
          ]
        }
      ]
    },
    {
      "module": "module.iam",
      "mode": "managed",
      "type": "aws_iam_instance_profile",
      "name": "ssm_profile",
      "provider": "provider[\"registry.terraform.io/hashicorp/aws\"]",
      "instances": [
        {
          "schema_version": 0,
          "attributes": {
            "arn": "arn:aws:iam::731961417383:instance-profile/dev-ssm-profile",
            "create_date": "2025-12-27T13:22:41Z",
            "id": "dev-ssm-profile",
            "name": "dev-ssm-profile",
            "name_prefix": "",
            "path": "/",
            "role": "dev-ssm-role",
            "tags": null,
            "tags_all": {},
            "unique_id": "AIPA2U3CM32TQLE3ZJ6WA"
          },
          "sensitive_attributes": [],
          "identity_schema_version": 0,
          "private": "bnVsbA==",
          "dependencies": [
            "module.iam.aws_iam_role.ssm_role"
          ]
        }
      ]
    },
    {
      "module": "module.iam",
      "mode": "managed",
      "type": "aws_iam_role",
      "name": "ssm_role",
      "provider": "provider[\"registry.terraform.io/hashicorp/aws\"]",
      "instances": [
        {
          "schema_version": 0,
          "attributes": {
            "arn": "arn:aws:iam::731961417383:role/dev-ssm-role",
            "assume_role_policy": "{\"Statement\":[{\"Action\":\"sts:AssumeRole\",\"Effect\":\"Allow\",\"Principal\":{\"Service\":\"ec2.amazonaws.com\"}}],\"Version\":\"2012-10-17\"}",
            "create_date": "2025-12-27T13:22:36Z",
            "description": "",
            "force_detach_policies": false,
            "id": "dev-ssm-role",
            "inline_policy": [],
            "managed_policy_arns": [],
            "max_session_duration": 3600,
            "name": "dev-ssm-role",
            "name_prefix": "",
            "path": "/",
            "permissions_boundary": "",
            "tags": null,
            "tags_all": {},
            "unique_id": "AROA2U3CM32T7HZQVB5MI"
          },
          "sensitive_attributes": [],
          "identity_schema_version": 0,
          "identity": {
            "account_id": "731961417383",
            "name": "dev-ssm-role"
          },
          "private": "bnVsbA=="
        }
      ]
    },
    {
      "module": "module.iam",
      "mode": "managed",
      "type": "aws_iam_role_policy_attachment",
      "name": "ssm_policy",
      "provider": "provider[\"registry.terraform.io/hashicorp/aws\"]",
      "instances": [
        {
          "schema_version": 0,
          "attributes": {
            "id": "dev-ssm-role/arn:aws:iam::aws:policy/AmazonSSMManagedInstanceCore",
            "policy_arn": "arn:aws:iam::aws:policy/AmazonSSMManagedInstanceCore",
            "role": "dev-ssm-role"
          },
          "sensitive_attributes": [],
          "identity_schema_version": 0,
          "identity": {
            "account_id": "731961417383",
            "policy_arn": "arn:aws:iam::aws:policy/AmazonSSMManagedInstanceCore",
            "role": "dev-ssm-role"
          },
          "private": "bnVsbA==",
          "dependencies": [
            "module.iam.aws_iam_role.ssm_role"
          ]
        }
      ]
    },
    {
      "module": "module.s3",
      "mode": "managed",
      "type": "aws_s3_bucket",
      "name": "bucket",
      "provider": "provider[\"registry.terraform.io/hashicorp/aws\"]",
      "instances": [
        {
          "schema_version": 0,
          "attributes": {
            "acceleration_status": "",
            "acl": null,
            "arn": "arn:aws:s3:::dev-sahil-saykar-infra-bucket",
            "bucket": "dev-sahil-saykar-infra-bucket",
            "bucket_domain_name": "dev-sahil-saykar-infra-bucket.s3.amazonaws.com",
            "bucket_prefix": "",
            "bucket_region": "ap-south-1",
            "bucket_regional_domain_name": "dev-sahil-saykar-infra-bucket.s3.ap-south-1.amazonaws.com",
            "cors_rule": [],
            "force_destroy": false,
            "grant": [
              {
                "id": "e1b9bae7bda3d658d5ec9c44ed39365750f84aa14ca93c0284e679ec0f580b60",
                "permissions": [
                  "FULL_CONTROL"
                ],
                "type": "CanonicalUser",
                "uri": ""
              }
            ],
            "hosted_zone_id": "Z11RGJOFQNVJUP",
            "id": "dev-sahil-saykar-infra-bucket",
            "lifecycle_rule": [],
            "logging": [],
            "object_lock_configuration": [],
            "object_lock_enabled": false,
            "policy": "",
            "region": "ap-south-1",
            "replication_configuration": [],
            "request_payer": "BucketOwner",
            "server_side_encryption_configuration": [
              {
                "rule": [
                  {
                    "apply_server_side_encryption_by_default": [
                      {
                        "kms_master_key_id": "",
                        "sse_algorithm": "AES256"
                      }
                    ],
                    "bucket_key_enabled": false
                  }
                ]
              }
            ],
            "tags": {
              "Environment": "dev",
              "Name": "dev-sahil-saykar-infra-bucket"
            },
            "tags_all": {
              "Environment": "dev",
              "Name": "dev-sahil-saykar-infra-bucket"
            },
            "timeouts": null,
            "versioning": [
              {
                "enabled": false,
                "mfa_delete": false
              }
            ],
            "website": [],
            "website_domain": null,
            "website_endpoint": null
          },
          "sensitive_attributes": [],
          "identity_schema_version": 0,
          "identity": {
            "account_id": "731961417383",
            "bucket": "dev-sahil-saykar-infra-bucket",
            "region": "ap-south-1"
          },
          "private": "eyJlMmJmYjczMC1lY2FhLTExZTYtOGY4OC0zNDM2M2JjN2M0YzAiOnsiY3JlYXRlIjoxMjAwMDAwMDAwMDAwLCJkZWxldGUiOjM2MDAwMDAwMDAwMDAsInJlYWQiOjEyMDAwMDAwMDAwMDAsInVwZGF0ZSI6MTIwMDAwMDAwMDAwMH19"
        }
      ]
    },
    {
      "module": "module.security_group",
      "mode": "managed",
      "type": "aws_security_group",
      "name": "allow_user_to_connect",
      "provider": "provider[\"registry.terraform.io/hashicorp/aws\"]",
      "instances": [
        {
          "schema_version": 1,
          "attributes": {
            "arn": "arn:aws:ec2:ap-south-1:731961417383:security-group/sg-0997c5b3b0283f354",
            "description": "Allow HTTP, HTTPS",
            "egress": [
              {
                "cidr_blocks": [
                  "0.0.0.0/0"
                ],
                "description": "",
                "from_port": 0,
                "ipv6_cidr_blocks": [],
                "prefix_list_ids": [],
                "protocol": "-1",
                "security_groups": [],
                "self": false,
                "to_port": 0
              }
            ],
            "id": "sg-0997c5b3b0283f354",
            "ingress": [
              {
                "cidr_blocks": [
                  "0.0.0.0/0"
                ],
                "description": "HTTP",
                "from_port": 80,
                "ipv6_cidr_blocks": [],
                "prefix_list_ids": [],
                "protocol": "tcp",
                "security_groups": [],
                "self": false,
                "to_port": 80
              },
              {
                "cidr_blocks": [
                  "0.0.0.0/0"
                ],
                "description": "HTTPS",
                "from_port": 443,
                "ipv6_cidr_blocks": [],
                "prefix_list_ids": [],
                "protocol": "tcp",
                "security_groups": [],
                "self": false,
                "to_port": 443
              }
            ],
            "name": "dev-allow-access",
            "name_prefix": "",
            "owner_id": "731961417383",
            "region": "ap-south-1",
            "revoke_rules_on_delete": false,
            "tags": {
              "Name": "dev-security-group"
            },
            "tags_all": {
              "Name": "dev-security-group"
            },
            "timeouts": null,
            "vpc_id": "vpc-0cced3f677bce1386"
          },
          "sensitive_attributes": [],
          "identity_schema_version": 0,
          "identity": {
            "account_id": "731961417383",
            "id": "sg-0997c5b3b0283f354",
            "region": "ap-south-1"
          },
          "private": "eyJlMmJmYjczMC1lY2FhLTExZTYtOGY4OC0zNDM2M2JjN2M0YzAiOnsiY3JlYXRlIjo2MDAwMDAwMDAwMDAsImRlbGV0ZSI6OTAwMDAwMDAwMDAwfSwic2NoZW1hX3ZlcnNpb24iOiIxIn0=",
          "dependencies": [
            "module.vpc.module.vpc.aws_vpc.this"
          ]
        }
      ]
    },
    {
      "module": "module.vpc.module.vpc",
      "mode": "managed",
      "type": "aws_default_network_acl",
      "name": "this",
      "provider": "provider[\"registry.terraform.io/hashicorp/aws\"]",
      "instances": [
        {
          "index_key": 0,
          "schema_version": 0,
          "attributes": {
            "arn": "arn:aws:ec2:ap-south-1:731961417383:network-acl/acl-0f80f69f03309f076",
            "default_network_acl_id": "acl-0f80f69f03309f076",
            "egress": [
              {
                "action": "allow",
                "cidr_block": "",
                "from_port": 0,
                "icmp_code": null,
                "icmp_type": null,
                "ipv6_cidr_block": "::/0",
                "protocol": "-1",
                "rule_no": 101,
                "to_port": 0
              },
              {
                "action": "allow",
                "cidr_block": "0.0.0.0/0",
                "from_port": 0,
                "icmp_code": null,
                "icmp_type": null,
                "ipv6_cidr_block": "",
                "protocol": "-1",
                "rule_no": 100,
                "to_port": 0
              }
            ],
            "id": "acl-0f80f69f03309f076",
            "ingress": [
              {
                "action": "allow",
                "cidr_block": "",
                "from_port": 0,
                "icmp_code": null,
                "icmp_type": null,
                "ipv6_cidr_block": "::/0",
                "protocol": "-1",
                "rule_no": 101,
                "to_port": 0
              },
              {
                "action": "allow",
                "cidr_block": "0.0.0.0/0",
                "from_port": 0,
                "icmp_code": null,
                "icmp_type": null,
                "ipv6_cidr_block": "",
                "protocol": "-1",
                "rule_no": 100,
                "to_port": 0
              }
            ],
            "owner_id": "731961417383",
            "region": "ap-south-1",
            "subnet_ids": [
              "subnet-05400441beca363ac",
              "subnet-0d3b07763208f8fec",
              "subnet-0e97308f31b942b32"
            ],
            "tags": {
              "Environment": "dev",
              "Name": "dev-my-vpc-default",
              "Terraform": "true"
            },
            "tags_all": {
              "Environment": "dev",
              "Name": "dev-my-vpc-default",
              "Terraform": "true"
            },
            "vpc_id": "vpc-0cced3f677bce1386"
          },
          "sensitive_attributes": [],
          "identity_schema_version": 0,
          "private": "bnVsbA==",
          "dependencies": [
            "module.vpc.module.vpc.aws_vpc.this"
          ]
        }
      ]
    },
    {
      "module": "module.vpc.module.vpc",
      "mode": "managed",
      "type": "aws_default_route_table",
      "name": "default",
      "provider": "provider[\"registry.terraform.io/hashicorp/aws\"]",
      "instances": [
        {
          "index_key": 0,
          "schema_version": 0,
          "attributes": {
            "arn": "arn:aws:ec2:ap-south-1:731961417383:route-table/rtb-0f70dfc4510075d99",
            "default_route_table_id": "rtb-0f70dfc4510075d99",
            "id": "rtb-0f70dfc4510075d99",
            "owner_id": "731961417383",
            "propagating_vgws": null,
            "region": "ap-south-1",
            "route": [],
            "tags": {
              "Environment": "dev",
              "Name": "dev-my-vpc-default",
              "Terraform": "true"
            },
            "tags_all": {
              "Environment": "dev",
              "Name": "dev-my-vpc-default",
              "Terraform": "true"
            },
            "timeouts": {
              "create": "5m",
              "update": "5m"
            },
            "vpc_id": "vpc-0cced3f677bce1386"
          },
          "sensitive_attributes": [],
          "identity_schema_version": 0,
          "private": "eyJlMmJmYjczMC1lY2FhLTExZTYtOGY4OC0zNDM2M2JjN2M0YzAiOnsiY3JlYXRlIjozMDAwMDAwMDAwMDAsInVwZGF0ZSI6MzAwMDAwMDAwMDAwfX0=",
          "dependencies": [
            "module.vpc.module.vpc.aws_vpc.this"
          ]
        }
      ]
    },
    {
      "module": "module.vpc.module.vpc",
      "mode": "managed",
      "type": "aws_default_security_group",
      "name": "this",
      "provider": "provider[\"registry.terraform.io/hashicorp/aws\"]",
      "instances": [
        {
          "index_key": 0,
          "schema_version": 1,
          "attributes": {
            "arn": "arn:aws:ec2:ap-south-1:731961417383:security-group/sg-061805933dac61617",
            "description": "default VPC security group",
            "egress": [],
            "id": "sg-061805933dac61617",
            "ingress": [],
            "name": "default",
            "name_prefix": "",
            "owner_id": "731961417383",
            "region": "ap-south-1",
            "revoke_rules_on_delete": false,
            "tags": {
              "Environment": "dev",
              "Name": "dev-my-vpc-default",
              "Terraform": "true"
            },
            "tags_all": {
              "Environment": "dev",
              "Name": "dev-my-vpc-default",
              "Terraform": "true"
            },
            "vpc_id": "vpc-0cced3f677bce1386"
          },
          "sensitive_attributes": [],
          "identity_schema_version": 0,
          "private": "eyJzY2hlbWFfdmVyc2lvbiI6IjEifQ==",
          "dependencies": [
            "module.vpc.module.vpc.aws_vpc.this"
          ]
        }
      ]
    },
    {
      "module": "module.vpc.module.vpc",
      "mode": "managed",
      "type": "aws_eip",
      "name": "nat",
      "provider": "provider[\"registry.terraform.io/hashicorp/aws\"]",
      "instances": [
        {
          "index_key": 0,
          "schema_version": 0,
          "attributes": {
            "address": null,
            "allocation_id": "eipalloc-08a0402be5c198f2f",
            "arn": "arn:aws:ec2:ap-south-1:731961417383:elastic-ip/eipalloc-08a0402be5c198f2f",
            "associate_with_private_ip": null,
            "association_id": "",
            "carrier_ip": "",
            "customer_owned_ip": "",
            "customer_owned_ipv4_pool": "",
            "domain": "vpc",
            "id": "eipalloc-08a0402be5c198f2f",
            "instance": "",
            "ipam_pool_id": null,
            "network_border_group": "ap-south-1",
            "network_interface": "",
            "private_dns": null,
            "private_ip": "",
            "ptr_record": "",
            "public_dns": "ec2-13-203-172-206.ap-south-1.compute.amazonaws.com",
            "public_ip": "13.203.172.206",
            "public_ipv4_pool": "amazon",
            "region": "ap-south-1",
            "tags": {
              "Environment": "dev",
              "Name": "dev-my-vpc-ap-south-1a",
              "Terraform": "true"
            },
            "tags_all": {
              "Environment": "dev",
              "Name": "dev-my-vpc-ap-south-1a",
              "Terraform": "true"
            },
            "timeouts": null
          },
          "sensitive_attributes": [],
          "identity_schema_version": 0,
          "private": "eyJlMmJmYjczMC1lY2FhLTExZTYtOGY4OC0zNDM2M2JjN2M0YzAiOnsiZGVsZXRlIjoxODAwMDAwMDAwMDAsInJlYWQiOjkwMDAwMDAwMDAwMCwidXBkYXRlIjozMDAwMDAwMDAwMDB9fQ==",
          "dependencies": [
            "module.vpc.module.vpc.aws_internet_gateway.this",
            "module.vpc.module.vpc.aws_vpc.this",
            "module.vpc.module.vpc.aws_vpc_ipv4_cidr_block_association.this"
          ]
        },
        {
          "index_key": 1,
          "schema_version": 0,
          "attributes": {
            "address": null,
            "allocation_id": "eipalloc-0b39c4c51550dc4e4",
            "arn": "arn:aws:ec2:ap-south-1:731961417383:elastic-ip/eipalloc-0b39c4c51550dc4e4",
            "associate_with_private_ip": null,
            "association_id": "",
            "carrier_ip": "",
            "customer_owned_ip": "",
            "customer_owned_ipv4_pool": "",
            "domain": "vpc",
            "id": "eipalloc-0b39c4c51550dc4e4",
            "instance": "",
            "ipam_pool_id": null,
            "network_border_group": "ap-south-1",
            "network_interface": "",
            "private_dns": null,
            "private_ip": "",
            "ptr_record": "",
            "public_dns": "ec2-3-108-57-17.ap-south-1.compute.amazonaws.com",
            "public_ip": "3.108.57.17",
            "public_ipv4_pool": "amazon",
            "region": "ap-south-1",
            "tags": {
              "Environment": "dev",
              "Name": "dev-my-vpc-ap-south-1b",
              "Terraform": "true"
            },
            "tags_all": {
              "Environment": "dev",
              "Name": "dev-my-vpc-ap-south-1b",
              "Terraform": "true"
            },
            "timeouts": null
          },
          "sensitive_attributes": [],
          "identity_schema_version": 0,
          "private": "eyJlMmJmYjczMC1lY2FhLTExZTYtOGY4OC0zNDM2M2JjN2M0YzAiOnsiZGVsZXRlIjoxODAwMDAwMDAwMDAsInJlYWQiOjkwMDAwMDAwMDAwMCwidXBkYXRlIjozMDAwMDAwMDAwMDB9fQ==",
          "dependencies": [
            "module.vpc.module.vpc.aws_internet_gateway.this",
            "module.vpc.module.vpc.aws_vpc.this",
            "module.vpc.module.vpc.aws_vpc_ipv4_cidr_block_association.this"
          ]
        }
      ]
    },
    {
      "module": "module.vpc.module.vpc",
      "mode": "managed",
      "type": "aws_internet_gateway",
      "name": "this",
      "provider": "provider[\"registry.terraform.io/hashicorp/aws\"]",
      "instances": [
        {
          "index_key": 0,
          "schema_version": 0,
          "attributes": {
            "arn": "arn:aws:ec2:ap-south-1:731961417383:internet-gateway/igw-04783b53a0e3dbd92",
            "id": "igw-04783b53a0e3dbd92",
            "owner_id": "731961417383",
            "region": "ap-south-1",
            "tags": {
              "Environment": "dev",
              "Name": "dev-my-vpc",
              "Terraform": "true"
            },
            "tags_all": {
              "Environment": "dev",
              "Name": "dev-my-vpc",
              "Terraform": "true"
            },
            "timeouts": null,
            "vpc_id": "vpc-0cced3f677bce1386"
          },
          "sensitive_attributes": [],
          "identity_schema_version": 0,
          "private": "eyJlMmJmYjczMC1lY2FhLTExZTYtOGY4OC0zNDM2M2JjN2M0YzAiOnsiY3JlYXRlIjoxMjAwMDAwMDAwMDAwLCJkZWxldGUiOjEyMDAwMDAwMDAwMDAsInVwZGF0ZSI6MTIwMDAwMDAwMDAwMH19",
          "dependencies": [
            "module.vpc.module.vpc.aws_vpc.this",
            "module.vpc.module.vpc.aws_vpc_ipv4_cidr_block_association.this"
          ]
        }
      ]
    },
    {
      "module": "module.vpc.module.vpc",
      "mode": "managed",
      "type": "aws_nat_gateway",
      "name": "this",
      "provider": "provider[\"registry.terraform.io/hashicorp/aws\"]",
      "instances": [
        {
          "index_key": 0,
          "schema_version": 0,
          "attributes": {
            "allocation_id": "eipalloc-08a0402be5c198f2f",
            "association_id": "eipassoc-0ba2d0de622134db6",
            "auto_provision_zones": null,
            "auto_scaling_ips": null,
            "availability_mode": "zonal",
            "availability_zone_address": [],
            "connectivity_type": "public",
            "id": "nat-0272da585dd69fb62",
            "network_interface_id": "eni-08e6f76507e4c34e5",
            "private_ip": "10.0.101.183",
            "public_ip": "13.203.172.206",
            "region": "ap-south-1",
            "regional_nat_gateway_address": [],
            "regional_nat_gateway_auto_mode": null,
            "route_table_id": null,
            "secondary_allocation_ids": [],
            "secondary_private_ip_address_count": 0,
            "secondary_private_ip_addresses": [],
            "subnet_id": "subnet-0d3b07763208f8fec",
            "tags": {
              "Environment": "dev",
              "Name": "dev-my-vpc-ap-south-1a",
              "Terraform": "true"
            },
            "tags_all": {
              "Environment": "dev",
              "Name": "dev-my-vpc-ap-south-1a",
              "Terraform": "true"
            },
            "timeouts": null,
            "vpc_id": "vpc-0cced3f677bce1386"
          },
          "sensitive_attributes": [],
          "identity_schema_version": 0,
          "private": "eyJlMmJmYjczMC1lY2FhLTExZTYtOGY4OC0zNDM2M2JjN2M0YzAiOnsiY3JlYXRlIjo2MDAwMDAwMDAwMDAsImRlbGV0ZSI6MTgwMDAwMDAwMDAwMCwidXBkYXRlIjo2MDAwMDAwMDAwMDB9fQ==",
          "dependencies": [
            "module.vpc.module.vpc.aws_eip.nat",
            "module.vpc.module.vpc.aws_internet_gateway.this",
            "module.vpc.module.vpc.aws_subnet.public",
            "module.vpc.module.vpc.aws_vpc.this",
            "module.vpc.module.vpc.aws_vpc_ipv4_cidr_block_association.this"
          ]
        },
        {
          "index_key": 1,
          "schema_version": 0,
          "attributes": {
            "allocation_id": "eipalloc-0b39c4c51550dc4e4",
            "association_id": "eipassoc-0e5c7eb1d7c457d5b",
            "auto_provision_zones": null,
            "auto_scaling_ips": null,
            "availability_mode": "zonal",
            "availability_zone_address": [],
            "connectivity_type": "public",
            "id": "nat-0a347f3cd788695d5",
            "network_interface_id": "eni-03ba8027195e62a30",
            "private_ip": "10.0.102.210",
            "public_ip": "3.108.57.17",
            "region": "ap-south-1",
            "regional_nat_gateway_address": [],
            "regional_nat_gateway_auto_mode": null,
            "route_table_id": null,
            "secondary_allocation_ids": [],
            "secondary_private_ip_address_count": 0,
            "secondary_private_ip_addresses": [],
            "subnet_id": "subnet-05400441beca363ac",
            "tags": {
              "Environment": "dev",
              "Name": "dev-my-vpc-ap-south-1b",
              "Terraform": "true"
            },
            "tags_all": {
              "Environment": "dev",
              "Name": "dev-my-vpc-ap-south-1b",
              "Terraform": "true"
            },
            "timeouts": null,
            "vpc_id": "vpc-0cced3f677bce1386"
          },
          "sensitive_attributes": [],
          "identity_schema_version": 0,
          "private": "eyJlMmJmYjczMC1lY2FhLTExZTYtOGY4OC0zNDM2M2JjN2M0YzAiOnsiY3JlYXRlIjo2MDAwMDAwMDAwMDAsImRlbGV0ZSI6MTgwMDAwMDAwMDAwMCwidXBkYXRlIjo2MDAwMDAwMDAwMDB9fQ==",
          "dependencies": [
            "module.vpc.module.vpc.aws_eip.nat",
            "module.vpc.module.vpc.aws_internet_gateway.this",
            "module.vpc.module.vpc.aws_subnet.public",
            "module.vpc.module.vpc.aws_vpc.this",
            "module.vpc.module.vpc.aws_vpc_ipv4_cidr_block_association.this"
          ]
        }
      ]
    },
    {
      "module": "module.vpc.module.vpc",
      "mode": "managed",
      "type": "aws_route",
      "name": "private_nat_gateway",
      "provider": "provider[\"registry.terraform.io/hashicorp/aws\"]",
      "instances": [
        {
          "index_key": 0,
          "schema_version": 0,
          "attributes": {
            "carrier_gateway_id": "",
            "core_network_arn": "",
            "destination_cidr_block": "0.0.0.0/0",
            "destination_ipv6_cidr_block": "",
            "destination_prefix_list_id": "",
            "egress_only_gateway_id": "",
            "gateway_id": "",
            "id": "r-rtb-048438420739715881080289494",
            "instance_id": "",
            "instance_owner_id": "",
            "local_gateway_id": "",
            "nat_gateway_id": "nat-0272da585dd69fb62",
            "network_interface_id": "",
            "origin": "CreateRoute",
            "region": "ap-south-1",
            "route_table_id": "rtb-04843842073971588",
            "state": "active",
            "timeouts": {
              "create": "5m",
              "delete": null,
              "update": null
            },
            "transit_gateway_id": "",
            "vpc_endpoint_id": "",
            "vpc_peering_connection_id": ""
          },
          "sensitive_attributes": [],
          "identity_schema_version": 0,
          "identity": {
            "account_id": "731961417383",
            "destination_cidr_block": "0.0.0.0/0",
            "destination_ipv6_cidr_block": null,
            "destination_prefix_list_id": null,
            "region": "ap-south-1",
            "route_table_id": "rtb-04843842073971588"
          },
          "private": "eyJlMmJmYjczMC1lY2FhLTExZTYtOGY4OC0zNDM2M2JjN2M0YzAiOnsiY3JlYXRlIjozMDAwMDAwMDAwMDAsImRlbGV0ZSI6MzAwMDAwMDAwMDAwLCJ1cGRhdGUiOjEyMDAwMDAwMDAwMH19",
          "dependencies": [
            "module.vpc.module.vpc.aws_eip.nat",
            "module.vpc.module.vpc.aws_internet_gateway.this",
            "module.vpc.module.vpc.aws_nat_gateway.this",
            "module.vpc.module.vpc.aws_route_table.private",
            "module.vpc.module.vpc.aws_subnet.public",
            "module.vpc.module.vpc.aws_vpc.this",
            "module.vpc.module.vpc.aws_vpc_ipv4_cidr_block_association.this"
          ]
        },
        {
          "index_key": 1,
          "schema_version": 0,
          "attributes": {
            "carrier_gateway_id": "",
            "core_network_arn": "",
            "destination_cidr_block": "0.0.0.0/0",
            "destination_ipv6_cidr_block": "",
            "destination_prefix_list_id": "",
            "egress_only_gateway_id": "",
            "gateway_id": "",
            "id": "r-rtb-0107b9a9d4e7e98961080289494",
            "instance_id": "",
            "instance_owner_id": "",
            "local_gateway_id": "",
            "nat_gateway_id": "nat-0a347f3cd788695d5",
            "network_interface_id": "",
            "origin": "CreateRoute",
            "region": "ap-south-1",
            "route_table_id": "rtb-0107b9a9d4e7e9896",
            "state": "active",
            "timeouts": {
              "create": "5m",
              "delete": null,
              "update": null
            },
            "transit_gateway_id": "",
            "vpc_endpoint_id": "",
            "vpc_peering_connection_id": ""
          },
          "sensitive_attributes": [],
          "identity_schema_version": 0,
          "identity": {
            "account_id": "731961417383",
            "destination_cidr_block": "0.0.0.0/0",
            "destination_ipv6_cidr_block": null,
            "destination_prefix_list_id": null,
            "region": "ap-south-1",
            "route_table_id": "rtb-0107b9a9d4e7e9896"
          },
          "private": "eyJlMmJmYjczMC1lY2FhLTExZTYtOGY4OC0zNDM2M2JjN2M0YzAiOnsiY3JlYXRlIjozMDAwMDAwMDAwMDAsImRlbGV0ZSI6MzAwMDAwMDAwMDAwLCJ1cGRhdGUiOjEyMDAwMDAwMDAwMH19",
          "dependencies": [
            "module.vpc.module.vpc.aws_eip.nat",
            "module.vpc.module.vpc.aws_internet_gateway.this",
            "module.vpc.module.vpc.aws_nat_gateway.this",
            "module.vpc.module.vpc.aws_route_table.private",
            "module.vpc.module.vpc.aws_subnet.public",
            "module.vpc.module.vpc.aws_vpc.this",
            "module.vpc.module.vpc.aws_vpc_ipv4_cidr_block_association.this"
          ]
        }
      ]
    },
    {
      "module": "module.vpc.module.vpc",
      "mode": "managed",
      "type": "aws_route",
      "name": "public_internet_gateway",
      "provider": "provider[\"registry.terraform.io/hashicorp/aws\"]",
      "instances": [
        {
          "index_key": 0,
          "schema_version": 0,
          "attributes": {
            "carrier_gateway_id": "",
            "core_network_arn": "",
            "destination_cidr_block": "0.0.0.0/0",
            "destination_ipv6_cidr_block": "",
            "destination_prefix_list_id": "",
            "egress_only_gateway_id": "",
            "gateway_id": "igw-04783b53a0e3dbd92",
            "id": "r-rtb-07c270a28d9dcd6421080289494",
            "instance_id": "",
            "instance_owner_id": "",
            "local_gateway_id": "",
            "nat_gateway_id": "",
            "network_interface_id": "",
            "origin": "CreateRoute",
            "region": "ap-south-1",
            "route_table_id": "rtb-07c270a28d9dcd642",
            "state": "active",
            "timeouts": {
              "create": "5m",
              "delete": null,
              "update": null
            },
            "transit_gateway_id": "",
            "vpc_endpoint_id": "",
            "vpc_peering_connection_id": ""
          },
          "sensitive_attributes": [],
          "identity_schema_version": 0,
          "identity": {
            "account_id": "731961417383",
            "destination_cidr_block": "0.0.0.0/0",
            "destination_ipv6_cidr_block": null,
            "destination_prefix_list_id": null,
            "region": "ap-south-1",
            "route_table_id": "rtb-07c270a28d9dcd642"
          },
          "private": "eyJlMmJmYjczMC1lY2FhLTExZTYtOGY4OC0zNDM2M2JjN2M0YzAiOnsiY3JlYXRlIjozMDAwMDAwMDAwMDAsImRlbGV0ZSI6MzAwMDAwMDAwMDAwLCJ1cGRhdGUiOjEyMDAwMDAwMDAwMH19",
          "dependencies": [
            "module.vpc.module.vpc.aws_internet_gateway.this",
            "module.vpc.module.vpc.aws_route_table.public",
            "module.vpc.module.vpc.aws_vpc.this",
            "module.vpc.module.vpc.aws_vpc_ipv4_cidr_block_association.this"
          ]
        }
      ]
    },
    {
      "module": "module.vpc.module.vpc",
      "mode": "managed",
      "type": "aws_route_table",
      "name": "private",
      "provider": "provider[\"registry.terraform.io/hashicorp/aws\"]",
      "instances": [
        {
          "index_key": 0,
          "schema_version": 0,
          "attributes": {
            "arn": "arn:aws:ec2:ap-south-1:731961417383:route-table/rtb-04843842073971588",
            "id": "rtb-04843842073971588",
            "owner_id": "731961417383",
            "propagating_vgws": [],
            "region": "ap-south-1",
            "route": [],
            "tags": {
              "Environment": "dev",
              "Name": "dev-my-vpc-private-ap-south-1a",
              "Terraform": "true"
            },
            "tags_all": {
              "Environment": "dev",
              "Name": "dev-my-vpc-private-ap-south-1a",
              "Terraform": "true"
            },
            "timeouts": null,
            "vpc_id": "vpc-0cced3f677bce1386"
          },
          "sensitive_attributes": [],
          "identity_schema_version": 0,
          "identity": {
            "account_id": "731961417383",
            "id": "rtb-04843842073971588",
            "region": "ap-south-1"
          },
          "private": "eyJlMmJmYjczMC1lY2FhLTExZTYtOGY4OC0zNDM2M2JjN2M0YzAiOnsiY3JlYXRlIjozMDAwMDAwMDAwMDAsImRlbGV0ZSI6MzAwMDAwMDAwMDAwLCJ1cGRhdGUiOjEyMDAwMDAwMDAwMH19",
          "dependencies": [
            "module.vpc.module.vpc.aws_vpc.this",
            "module.vpc.module.vpc.aws_vpc_ipv4_cidr_block_association.this"
          ]
        },
        {
          "index_key": 1,
          "schema_version": 0,
          "attributes": {
            "arn": "arn:aws:ec2:ap-south-1:731961417383:route-table/rtb-0107b9a9d4e7e9896",
            "id": "rtb-0107b9a9d4e7e9896",
            "owner_id": "731961417383",
            "propagating_vgws": [],
            "region": "ap-south-1",
            "route": [],
            "tags": {
              "Environment": "dev",
              "Name": "dev-my-vpc-private-ap-south-1b",
              "Terraform": "true"
            },
            "tags_all": {
              "Environment": "dev",
              "Name": "dev-my-vpc-private-ap-south-1b",
              "Terraform": "true"
            },
            "timeouts": null,
            "vpc_id": "vpc-0cced3f677bce1386"
          },
          "sensitive_attributes": [],
          "identity_schema_version": 0,
          "identity": {
            "account_id": "731961417383",
            "id": "rtb-0107b9a9d4e7e9896",
            "region": "ap-south-1"
          },
          "private": "eyJlMmJmYjczMC1lY2FhLTExZTYtOGY4OC0zNDM2M2JjN2M0YzAiOnsiY3JlYXRlIjozMDAwMDAwMDAwMDAsImRlbGV0ZSI6MzAwMDAwMDAwMDAwLCJ1cGRhdGUiOjEyMDAwMDAwMDAwMH19",
          "dependencies": [
            "module.vpc.module.vpc.aws_vpc.this",
            "module.vpc.module.vpc.aws_vpc_ipv4_cidr_block_association.this"
          ]
        }
      ]
    },
    {
      "module": "module.vpc.module.vpc",
      "mode": "managed",
      "type": "aws_route_table",
      "name": "public",
      "provider": "provider[\"registry.terraform.io/hashicorp/aws\"]",
      "instances": [
        {
          "index_key": 0,
          "schema_version": 0,
          "attributes": {
            "arn": "arn:aws:ec2:ap-south-1:731961417383:route-table/rtb-07c270a28d9dcd642",
            "id": "rtb-07c270a28d9dcd642",
            "owner_id": "731961417383",
            "propagating_vgws": [],
            "region": "ap-south-1",
            "route": [],
            "tags": {
              "Environment": "dev",
              "Name": "dev-my-vpc-public",
              "Terraform": "true"
            },
            "tags_all": {
              "Environment": "dev",
              "Name": "dev-my-vpc-public",
              "Terraform": "true"
            },
            "timeouts": null,
            "vpc_id": "vpc-0cced3f677bce1386"
          },
          "sensitive_attributes": [],
          "identity_schema_version": 0,
          "identity": {
            "account_id": "731961417383",
            "id": "rtb-07c270a28d9dcd642",
            "region": "ap-south-1"
          },
          "private": "eyJlMmJmYjczMC1lY2FhLTExZTYtOGY4OC0zNDM2M2JjN2M0YzAiOnsiY3JlYXRlIjozMDAwMDAwMDAwMDAsImRlbGV0ZSI6MzAwMDAwMDAwMDAwLCJ1cGRhdGUiOjEyMDAwMDAwMDAwMH19",
          "dependencies": [
            "module.vpc.module.vpc.aws_vpc.this",
            "module.vpc.module.vpc.aws_vpc_ipv4_cidr_block_association.this"
          ]
        }
      ]
    },
    {
      "module": "module.vpc.module.vpc",
      "mode": "managed",
      "type": "aws_route_table_association",
      "name": "private",
      "provider": "provider[\"registry.terraform.io/hashicorp/aws\"]",
      "instances": [
        {
          "index_key": 0,
          "schema_version": 0,
          "attributes": {
            "gateway_id": "",
            "id": "rtbassoc-0a3941de8c2ad6d41",
            "region": "ap-south-1",
            "route_table_id": "rtb-04843842073971588",
            "subnet_id": "subnet-0e97308f31b942b32",
            "timeouts": null
          },
          "sensitive_attributes": [],
          "identity_schema_version": 0,
          "private": "eyJlMmJmYjczMC1lY2FhLTExZTYtOGY4OC0zNDM2M2JjN2M0YzAiOnsiY3JlYXRlIjozMDAwMDAwMDAwMDAsImRlbGV0ZSI6MzAwMDAwMDAwMDAwLCJ1cGRhdGUiOjEyMDAwMDAwMDAwMH19",
          "dependencies": [
            "module.vpc.module.vpc.aws_route_table.private",
            "module.vpc.module.vpc.aws_subnet.private",
            "module.vpc.module.vpc.aws_vpc.this",
            "module.vpc.module.vpc.aws_vpc_ipv4_cidr_block_association.this"
          ]
        },
        {
          "index_key": 1,
          "schema_version": 0,
          "attributes": {
            "gateway_id": "",
            "id": "rtbassoc-0168e75d1b6c8dc69",
            "region": "ap-south-1",
            "route_table_id": "rtb-0107b9a9d4e7e9896",
            "subnet_id": "subnet-03792c7e96753c610",
            "timeouts": null
          },
          "sensitive_attributes": [],
          "identity_schema_version": 0,
          "private": "eyJlMmJmYjczMC1lY2FhLTExZTYtOGY4OC0zNDM2M2JjN2M0YzAiOnsiY3JlYXRlIjozMDAwMDAwMDAwMDAsImRlbGV0ZSI6MzAwMDAwMDAwMDAwLCJ1cGRhdGUiOjEyMDAwMDAwMDAwMH19",
          "dependencies": [
            "module.vpc.module.vpc.aws_route_table.private",
            "module.vpc.module.vpc.aws_subnet.private",
            "module.vpc.module.vpc.aws_vpc.this",
            "module.vpc.module.vpc.aws_vpc_ipv4_cidr_block_association.this"
          ]
        }
      ]
    },
    {
      "module": "module.vpc.module.vpc",
      "mode": "managed",
      "type": "aws_route_table_association",
      "name": "public",
      "provider": "provider[\"registry.terraform.io/hashicorp/aws\"]",
      "instances": [
        {
          "index_key": 0,
          "schema_version": 0,
          "attributes": {
            "gateway_id": "",
            "id": "rtbassoc-025494e38bd9982d1",
            "region": "ap-south-1",
            "route_table_id": "rtb-07c270a28d9dcd642",
            "subnet_id": "subnet-0d3b07763208f8fec",
            "timeouts": null
          },
          "sensitive_attributes": [],
          "identity_schema_version": 0,
          "private": "eyJlMmJmYjczMC1lY2FhLTExZTYtOGY4OC0zNDM2M2JjN2M0YzAiOnsiY3JlYXRlIjozMDAwMDAwMDAwMDAsImRlbGV0ZSI6MzAwMDAwMDAwMDAwLCJ1cGRhdGUiOjEyMDAwMDAwMDAwMH19",
          "dependencies": [
            "module.vpc.module.vpc.aws_route_table.public",
            "module.vpc.module.vpc.aws_subnet.public",
            "module.vpc.module.vpc.aws_vpc.this",
            "module.vpc.module.vpc.aws_vpc_ipv4_cidr_block_association.this"
          ]
        },
        {
          "index_key": 1,
          "schema_version": 0,
          "attributes": {
            "gateway_id": "",
            "id": "rtbassoc-03a467c0962ab3e86",
            "region": "ap-south-1",
            "route_table_id": "rtb-07c270a28d9dcd642",
            "subnet_id": "subnet-05400441beca363ac",
            "timeouts": null
          },
          "sensitive_attributes": [],
          "identity_schema_version": 0,
          "private": "eyJlMmJmYjczMC1lY2FhLTExZTYtOGY4OC0zNDM2M2JjN2M0YzAiOnsiY3JlYXRlIjozMDAwMDAwMDAwMDAsImRlbGV0ZSI6MzAwMDAwMDAwMDAwLCJ1cGRhdGUiOjEyMDAwMDAwMDAwMH19",
          "dependencies": [
            "module.vpc.module.vpc.aws_route_table.public",
            "module.vpc.module.vpc.aws_subnet.public",
            "module.vpc.module.vpc.aws_vpc.this",
            "module.vpc.module.vpc.aws_vpc_ipv4_cidr_block_association.this"
          ]
        }
      ]
    },
    {
      "module": "module.vpc.module.vpc",
      "mode": "managed",
      "type": "aws_subnet",
      "name": "private",
      "provider": "provider[\"registry.terraform.io/hashicorp/aws\"]",
      "instances": [
        {
          "index_key": 0,
          "schema_version": 1,
          "attributes": {
            "arn": "arn:aws:ec2:ap-south-1:731961417383:subnet/subnet-0e97308f31b942b32",
            "assign_ipv6_address_on_creation": false,
            "availability_zone": "ap-south-1a",
            "availability_zone_id": "aps1-az1",
            "cidr_block": "10.0.1.0/24",
            "customer_owned_ipv4_pool": "",
            "enable_dns64": false,
            "enable_lni_at_device_index": 0,
            "enable_resource_name_dns_a_record_on_launch": false,
            "enable_resource_name_dns_aaaa_record_on_launch": false,
            "id": "subnet-0e97308f31b942b32",
            "ipv6_cidr_block": "",
            "ipv6_cidr_block_association_id": "",
            "ipv6_native": false,
            "map_customer_owned_ip_on_launch": false,
            "map_public_ip_on_launch": false,
            "outpost_arn": "",
            "owner_id": "731961417383",
            "private_dns_hostname_type_on_launch": "ip-name",
            "region": "ap-south-1",
            "tags": {
              "Environment": "dev",
              "Name": "dev-my-vpc-private-ap-south-1a",
              "Terraform": "true"
            },
            "tags_all": {
              "Environment": "dev",
              "Name": "dev-my-vpc-private-ap-south-1a",
              "Terraform": "true"
            },
            "timeouts": null,
            "vpc_id": "vpc-0cced3f677bce1386"
          },
          "sensitive_attributes": [],
          "identity_schema_version": 0,
          "identity": {
            "account_id": "731961417383",
            "id": "subnet-0e97308f31b942b32",
            "region": "ap-south-1"
          },
          "private": "eyJlMmJmYjczMC1lY2FhLTExZTYtOGY4OC0zNDM2M2JjN2M0YzAiOnsiY3JlYXRlIjo2MDAwMDAwMDAwMDAsImRlbGV0ZSI6MTIwMDAwMDAwMDAwMH0sInNjaGVtYV92ZXJzaW9uIjoiMSJ9",
          "dependencies": [
            "module.vpc.module.vpc.aws_vpc.this",
            "module.vpc.module.vpc.aws_vpc_ipv4_cidr_block_association.this"
          ]
        },
        {
          "index_key": 1,
          "schema_version": 1,
          "attributes": {
            "arn": "arn:aws:ec2:ap-south-1:731961417383:subnet/subnet-03792c7e96753c610",
            "assign_ipv6_address_on_creation": false,
            "availability_zone": "ap-south-1b",
            "availability_zone_id": "aps1-az3",
            "cidr_block": "10.0.2.0/24",
            "customer_owned_ipv4_pool": "",
            "enable_dns64": false,
            "enable_lni_at_device_index": 0,
            "enable_resource_name_dns_a_record_on_launch": false,
            "enable_resource_name_dns_aaaa_record_on_launch": false,
            "id": "subnet-03792c7e96753c610",
            "ipv6_cidr_block": "",
            "ipv6_cidr_block_association_id": "",
            "ipv6_native": false,
            "map_customer_owned_ip_on_launch": false,
            "map_public_ip_on_launch": false,
            "outpost_arn": "",
            "owner_id": "731961417383",
            "private_dns_hostname_type_on_launch": "ip-name",
            "region": "ap-south-1",
            "tags": {
              "Environment": "dev",
              "Name": "dev-my-vpc-private-ap-south-1b",
              "Terraform": "true"
            },
            "tags_all": {
              "Environment": "dev",
              "Name": "dev-my-vpc-private-ap-south-1b",
              "Terraform": "true"
            },
            "timeouts": null,
            "vpc_id": "vpc-0cced3f677bce1386"
          },
          "sensitive_attributes": [],
          "identity_schema_version": 0,
          "identity": {
            "account_id": "731961417383",
            "id": "subnet-03792c7e96753c610",
            "region": "ap-south-1"
          },
          "private": "eyJlMmJmYjczMC1lY2FhLTExZTYtOGY4OC0zNDM2M2JjN2M0YzAiOnsiY3JlYXRlIjo2MDAwMDAwMDAwMDAsImRlbGV0ZSI6MTIwMDAwMDAwMDAwMH0sInNjaGVtYV92ZXJzaW9uIjoiMSJ9",
          "dependencies": [
            "module.vpc.module.vpc.aws_vpc.this",
            "module.vpc.module.vpc.aws_vpc_ipv4_cidr_block_association.this"
          ]
        }
      ]
    },
    {
      "module": "module.vpc.module.vpc",
      "mode": "managed",
      "type": "aws_subnet",
      "name": "public",
      "provider": "provider[\"registry.terraform.io/hashicorp/aws\"]",
      "instances": [
        {
          "index_key": 0,
          "schema_version": 1,
          "attributes": {
            "arn": "arn:aws:ec2:ap-south-1:731961417383:subnet/subnet-0d3b07763208f8fec",
            "assign_ipv6_address_on_creation": false,
            "availability_zone": "ap-south-1a",
            "availability_zone_id": "aps1-az1",
            "cidr_block": "10.0.101.0/24",
            "customer_owned_ipv4_pool": "",
            "enable_dns64": false,
            "enable_lni_at_device_index": 0,
            "enable_resource_name_dns_a_record_on_launch": false,
            "enable_resource_name_dns_aaaa_record_on_launch": false,
            "id": "subnet-0d3b07763208f8fec",
            "ipv6_cidr_block": "",
            "ipv6_cidr_block_association_id": "",
            "ipv6_native": false,
            "map_customer_owned_ip_on_launch": false,
            "map_public_ip_on_launch": false,
            "outpost_arn": "",
            "owner_id": "731961417383",
            "private_dns_hostname_type_on_launch": "ip-name",
            "region": "ap-south-1",
            "tags": {
              "Environment": "dev",
              "Name": "dev-my-vpc-public-ap-south-1a",
              "Terraform": "true"
            },
            "tags_all": {
              "Environment": "dev",
              "Name": "dev-my-vpc-public-ap-south-1a",
              "Terraform": "true"
            },
            "timeouts": null,
            "vpc_id": "vpc-0cced3f677bce1386"
          },
          "sensitive_attributes": [],
          "identity_schema_version": 0,
          "identity": {
            "account_id": "731961417383",
            "id": "subnet-0d3b07763208f8fec",
            "region": "ap-south-1"
          },
          "private": "eyJlMmJmYjczMC1lY2FhLTExZTYtOGY4OC0zNDM2M2JjN2M0YzAiOnsiY3JlYXRlIjo2MDAwMDAwMDAwMDAsImRlbGV0ZSI6MTIwMDAwMDAwMDAwMH0sInNjaGVtYV92ZXJzaW9uIjoiMSJ9",
          "dependencies": [
            "module.vpc.module.vpc.aws_vpc.this",
            "module.vpc.module.vpc.aws_vpc_ipv4_cidr_block_association.this"
          ]
        },
        {
          "index_key": 1,
          "schema_version": 1,
          "attributes": {
            "arn": "arn:aws:ec2:ap-south-1:731961417383:subnet/subnet-05400441beca363ac",
            "assign_ipv6_address_on_creation": false,
            "availability_zone": "ap-south-1b",
            "availability_zone_id": "aps1-az3",
            "cidr_block": "10.0.102.0/24",
            "customer_owned_ipv4_pool": "",
            "enable_dns64": false,
            "enable_lni_at_device_index": 0,
            "enable_resource_name_dns_a_record_on_launch": false,
            "enable_resource_name_dns_aaaa_record_on_launch": false,
            "id": "subnet-05400441beca363ac",
            "ipv6_cidr_block": "",
            "ipv6_cidr_block_association_id": "",
            "ipv6_native": false,
            "map_customer_owned_ip_on_launch": false,
            "map_public_ip_on_launch": false,
            "outpost_arn": "",
            "owner_id": "731961417383",
            "private_dns_hostname_type_on_launch": "ip-name",
            "region": "ap-south-1",
            "tags": {
              "Environment": "dev",
              "Name": "dev-my-vpc-public-ap-south-1b",
              "Terraform": "true"
            },
            "tags_all": {
              "Environment": "dev",
              "Name": "dev-my-vpc-public-ap-south-1b",
              "Terraform": "true"
            },
            "timeouts": null,
            "vpc_id": "vpc-0cced3f677bce1386"
          },
          "sensitive_attributes": [],
          "identity_schema_version": 0,
          "identity": {
            "account_id": "731961417383",
            "id": "subnet-05400441beca363ac",
            "region": "ap-south-1"
          },
          "private": "eyJlMmJmYjczMC1lY2FhLTExZTYtOGY4OC0zNDM2M2JjN2M0YzAiOnsiY3JlYXRlIjo2MDAwMDAwMDAwMDAsImRlbGV0ZSI6MTIwMDAwMDAwMDAwMH0sInNjaGVtYV92ZXJzaW9uIjoiMSJ9",
          "dependencies": [
            "module.vpc.module.vpc.aws_vpc.this",
            "module.vpc.module.vpc.aws_vpc_ipv4_cidr_block_association.this"
          ]
        }
      ]
    },
    {
      "module": "module.vpc.module.vpc",
      "mode": "managed",
      "type": "aws_vpc",
      "name": "this",
      "provider": "provider[\"registry.terraform.io/hashicorp/aws\"]",
      "instances": [
        {
          "index_key": 0,
          "schema_version": 1,
          "attributes": {
            "arn": "arn:aws:ec2:ap-south-1:731961417383:vpc/vpc-0cced3f677bce1386",
            "assign_generated_ipv6_cidr_block": false,
            "cidr_block": "10.0.0.0/16",
            "default_network_acl_id": "acl-0f80f69f03309f076",
            "default_route_table_id": "rtb-0f70dfc4510075d99",
            "default_security_group_id": "sg-061805933dac61617",
            "dhcp_options_id": "dopt-0ebe6c0c286aae948",
            "enable_dns_hostnames": true,
            "enable_dns_support": true,
            "enable_network_address_usage_metrics": false,
            "id": "vpc-0cced3f677bce1386",
            "instance_tenancy": "default",
            "ipv4_ipam_pool_id": null,
            "ipv4_netmask_length": null,
            "ipv6_association_id": "",
            "ipv6_cidr_block": "",
            "ipv6_cidr_block_network_border_group": "",
            "ipv6_ipam_pool_id": "",
            "ipv6_netmask_length": 0,
            "main_route_table_id": "rtb-0f70dfc4510075d99",
            "owner_id": "731961417383",
            "region": "ap-south-1",
            "tags": {
              "Environment": "dev",
              "Name": "dev-my-vpc",
              "Terraform": "true"
            },
            "tags_all": {
              "Environment": "dev",
              "Name": "dev-my-vpc",
              "Terraform": "true"
            }
          },
          "sensitive_attributes": [],
          "identity_schema_version": 0,
          "identity": {
            "account_id": "731961417383",
            "id": "vpc-0cced3f677bce1386",
            "region": "ap-south-1"
          },
          "private": "eyJzY2hlbWFfdmVyc2lvbiI6IjEifQ=="
        }
      ]
    },
    {
      "module": "module.vpc.module.vpc",
      "mode": "managed",
      "type": "aws_vpn_gateway",
      "name": "this",
      "provider": "provider[\"registry.terraform.io/hashicorp/aws\"]",
      "instances": [
        {
          "index_key": 0,
          "schema_version": 0,
          "attributes": {
            "amazon_side_asn": "64512",
            "arn": "arn:aws:ec2:ap-south-1:731961417383:vpn-gateway/vgw-059055a212cad58c4",
            "availability_zone": null,
            "id": "vgw-059055a212cad58c4",
            "region": "ap-south-1",
            "tags": {
              "Environment": "dev",
              "Name": "dev-my-vpc",
              "Terraform": "true"
            },
            "tags_all": {
              "Environment": "dev",
              "Name": "dev-my-vpc",
              "Terraform": "true"
            },
            "vpc_id": "vpc-0cced3f677bce1386"
          },
          "sensitive_attributes": [],
          "identity_schema_version": 0,
          "private": "bnVsbA==",
          "dependencies": [
            "module.vpc.module.vpc.aws_vpc.this",
            "module.vpc.module.vpc.aws_vpc_ipv4_cidr_block_association.this"
          ]
        }
      ]
    }
  ],
  "check_results": null
}
